{
  "lockfileVersion": 1,
  "workspaces": {
    "": {
      "dependencies": {
        "@pinecone-database/pinecone": "^5.1.1",
        "dotenv": "^16.4.7",
      },
    },
  },
  "packages": {
    "@pinecone-database/pinecone": ["@pinecone-database/pinecone@5.1.1", "", {}, "sha512-2JwnY28qb2AQi3fLlBfiXhV6e4ZEF0/0HNLdoFWoSPcty6Eu7+354M8mo/Hj0Hi7y3TCDkSCXq2dgmbcDSmCFQ=="],

    "dotenv": ["dotenv@16.4.7", "", {}, "sha512-47qPchRCykZC03FhkYAhrvwU4xDBFIj1QPqaarj6mdM/hgUzfPHcpkHJOn3mJAufFeeAxAzeGsr5X0M4k6fLZQ=="],
  }
}
